
Microsoft Visual Studio Solution File, Format Version 12.00
# Visual Studio Version 16
VisualStudioVersion = 16.0.31729.503
MinimumVisualStudioVersion = 10.0.40219.1
Project("{FAE04EC0-301F-11D3-BF4B-00C04F79EFBC}") = "ComputerWebShop2", "ComputerWebShop2\ComputerWebShop2.csproj", "{9DB13EB4-378F-4A8A-962B-C07F3FEF79FF}"
EndProject
Global
	GlobalSection(SolutionConfigurationPlatforms) = preSolution
		Debug|Any CPU = Debug|Any CPU
		Release|Any CPU = Release|Any CPU
	EndGlobalSection
	GlobalSection(ProjectConfigurationPlatforms) = postSolution
		{9DB13EB4-378F-4A8A-962B-C07F3FEF79FF}.Debug|Any CPU.ActiveCfg = Debug|Any CPU
		{9DB13EB4-378F-4A8A-962B-C07F3FEF79FF}.Debug|Any CPU.Build.0 = Debug|Any CPU
		{9DB13EB4-378F-4A8A-962B-C07F3FEF79FF}.Release|Any CPU.ActiveCfg = Release|Any CPU
		{9DB13EB4-378F-4A8A-962B-C07F3FEF79FF}.Release|Any CPU.Build.0 = Release|Any CPU
	EndGlobalSection
	GlobalSection(SolutionProperties) = preSolution
		HideSolutionNode = FALSE
	EndGlobalSection
	GlobalSection(ExtensibilityGlobals) = postSolution
		SolutionGuid = {2B157C32-27E9-4834-8781-8298ABC538E8}
	EndGlobalSection
EndGlobal
